
Microsoft Visual Studio Solution File, Format Version 12.00
# Visual Studio 2012
Project("{FAE04EC0-301F-11D3-BF4B-00C04F79EFBC}") = "DaycareManager", "DaycareManager\DaycareManager.csproj", "{DA2988F1-8002-4836-AFED-58338641CB7A}"
EndProject
Project("{FAE04EC0-301F-11D3-BF4B-00C04F79EFBC}") = "DaycareManager.iOS", "iOS\DaycareManager.iOS.csproj", "{FFD28016-3DD4-4CFC-BAFE-C1530CCDDE5D}"
EndProject
Project("{FAE04EC0-301F-11D3-BF4B-00C04F79EFBC}") = "DaycareManager.Droid", "Droid\DaycareManager.Droid.csproj", "{C7ED7471-7D76-4371-906C-4A5F38717E56}"
EndProject
Global
	GlobalSection(SolutionConfigurationPlatforms) = preSolution
		Debug|Any CPU = Debug|Any CPU
		Release|Any CPU = Release|Any CPU
		Debug|iPhoneSimulator = Debug|iPhoneSimulator
		Release|iPhoneSimulator = Release|iPhoneSimulator
		Debug|iPhone = Debug|iPhone
		Release|iPhone = Release|iPhone
		Ad-Hoc|iPhone = Ad-Hoc|iPhone
		AppStore|iPhone = AppStore|iPhone
	EndGlobalSection
	GlobalSection(ProjectConfigurationPlatforms) = postSolution
		{C7ED7471-7D76-4371-906C-4A5F38717E56}.Ad-Hoc|iPhone.ActiveCfg = Release|Any CPU
		{C7ED7471-7D76-4371-906C-4A5F38717E56}.Ad-Hoc|iPhone.Build.0 = Release|Any CPU
		{C7ED7471-7D76-4371-906C-4A5F38717E56}.AppStore|iPhone.ActiveCfg = Release|Any CPU
		{C7ED7471-7D76-4371-906C-4A5F38717E56}.AppStore|iPhone.Build.0 = Release|Any CPU
		{C7ED7471-7D76-4371-906C-4A5F38717E56}.Debug|Any CPU.ActiveCfg = Debug|Any CPU
		{C7ED7471-7D76-4371-906C-4A5F38717E56}.Debug|Any CPU.Build.0 = Debug|Any CPU
		{C7ED7471-7D76-4371-906C-4A5F38717E56}.Debug|iPhone.ActiveCfg = Debug|Any CPU
		{C7ED7471-7D76-4371-906C-4A5F38717E56}.Debug|iPhone.Build.0 = Debug|Any CPU
		{C7ED7471-7D76-4371-906C-4A5F38717E56}.Debug|iPhoneSimulator.ActiveCfg = Debug|Any CPU
		{C7ED7471-7D76-4371-906C-4A5F38717E56}.Debug|iPhoneSimulator.Build.0 = Debug|Any CPU
		{C7ED7471-7D76-4371-906C-4A5F38717E56}.Release|Any CPU.ActiveCfg = Release|Any CPU
		{C7ED7471-7D76-4371-906C-4A5F38717E56}.Release|Any CPU.Build.0 = Release|Any CPU
		{C7ED7471-7D76-4371-906C-4A5F38717E56}.Release|iPhone.ActiveCfg = Release|Any CPU
		{C7ED7471-7D76-4371-906C-4A5F38717E56}.Release|iPhone.Build.0 = Release|Any CPU
		{C7ED7471-7D76-4371-906C-4A5F38717E56}.Release|iPhoneSimulator.ActiveCfg = Release|Any CPU
		{C7ED7471-7D76-4371-906C-4A5F38717E56}.Release|iPhoneSimulator.Build.0 = Release|Any CPU
		{DA2988F1-8002-4836-AFED-58338641CB7A}.Ad-Hoc|iPhone.ActiveCfg = Debug|Any CPU
		{DA2988F1-8002-4836-AFED-58338641CB7A}.Ad-Hoc|iPhone.Build.0 = Debug|Any CPU
		{DA2988F1-8002-4836-AFED-58338641CB7A}.AppStore|iPhone.ActiveCfg = Debug|Any CPU
		{DA2988F1-8002-4836-AFED-58338641CB7A}.AppStore|iPhone.Build.0 = Debug|Any CPU
		{DA2988F1-8002-4836-AFED-58338641CB7A}.Debug|Any CPU.ActiveCfg = Debug|Any CPU
		{DA2988F1-8002-4836-AFED-58338641CB7A}.Debug|Any CPU.Build.0 = Debug|Any CPU
		{DA2988F1-8002-4836-AFED-58338641CB7A}.Debug|iPhone.ActiveCfg = Debug|Any CPU
		{DA2988F1-8002-4836-AFED-58338641CB7A}.Debug|iPhone.Build.0 = Debug|Any CPU
		{DA2988F1-8002-4836-AFED-58338641CB7A}.Debug|iPhoneSimulator.ActiveCfg = Debug|Any CPU
		{DA2988F1-8002-4836-AFED-58338641CB7A}.Debug|iPhoneSimulator.Build.0 = Debug|Any CPU
		{DA2988F1-8002-4836-AFED-58338641CB7A}.Release|Any CPU.ActiveCfg = Release|Any CPU
		{DA2988F1-8002-4836-AFED-58338641CB7A}.Release|Any CPU.Build.0 = Release|Any CPU
		{DA2988F1-8002-4836-AFED-58338641CB7A}.Release|iPhone.ActiveCfg = Release|Any CPU
		{DA2988F1-8002-4836-AFED-58338641CB7A}.Release|iPhone.Build.0 = Release|Any CPU
		{DA2988F1-8002-4836-AFED-58338641CB7A}.Release|iPhoneSimulator.ActiveCfg = Release|Any CPU
		{DA2988F1-8002-4836-AFED-58338641CB7A}.Release|iPhoneSimulator.Build.0 = Release|Any CPU
		{FFD28016-3DD4-4CFC-BAFE-C1530CCDDE5D}.Ad-Hoc|iPhone.ActiveCfg = Ad-Hoc|iPhone
		{FFD28016-3DD4-4CFC-BAFE-C1530CCDDE5D}.Ad-Hoc|iPhone.Build.0 = Ad-Hoc|iPhone
		{FFD28016-3DD4-4CFC-BAFE-C1530CCDDE5D}.AppStore|iPhone.ActiveCfg = AppStore|iPhone
		{FFD28016-3DD4-4CFC-BAFE-C1530CCDDE5D}.AppStore|iPhone.Build.0 = AppStore|iPhone
		{FFD28016-3DD4-4CFC-BAFE-C1530CCDDE5D}.Debug|Any CPU.ActiveCfg = Debug|iPhoneSimulator
		{FFD28016-3DD4-4CFC-BAFE-C1530CCDDE5D}.Debug|Any CPU.Build.0 = Debug|iPhoneSimulator
		{FFD28016-3DD4-4CFC-BAFE-C1530CCDDE5D}.Debug|iPhone.ActiveCfg = Debug|iPhone
		{FFD28016-3DD4-4CFC-BAFE-C1530CCDDE5D}.Debug|iPhone.Build.0 = Debug|iPhone
		{FFD28016-3DD4-4CFC-BAFE-C1530CCDDE5D}.Debug|iPhoneSimulator.ActiveCfg = Debug|iPhoneSimulator
		{FFD28016-3DD4-4CFC-BAFE-C1530CCDDE5D}.Debug|iPhoneSimulator.Build.0 = Debug|iPhoneSimulator
		{FFD28016-3DD4-4CFC-BAFE-C1530CCDDE5D}.Release|Any CPU.ActiveCfg = Release|iPhoneSimulator
		{FFD28016-3DD4-4CFC-BAFE-C1530CCDDE5D}.Release|Any CPU.Build.0 = Release|iPhoneSimulator
		{FFD28016-3DD4-4CFC-BAFE-C1530CCDDE5D}.Release|iPhone.ActiveCfg = Release|iPhone
		{FFD28016-3DD4-4CFC-BAFE-C1530CCDDE5D}.Release|iPhone.Build.0 = Release|iPhone
		{FFD28016-3DD4-4CFC-BAFE-C1530CCDDE5D}.Release|iPhoneSimulator.ActiveCfg = Release|iPhoneSimulator
		{FFD28016-3DD4-4CFC-BAFE-C1530CCDDE5D}.Release|iPhoneSimulator.Build.0 = Release|iPhoneSimulator
	EndGlobalSection
EndGlobal
